
Microsoft Visual Studio Solution File, Format Version 12.00
# Visual Studio 15
VisualStudioVersion = 15.0.26430.12
MinimumVisualStudioVersion = 10.0.40219.1
Project("{D954291E-2A0B-460D-934E-DC6B0785DB48}") = "Agregator", "Agregator\Agregator\Agregator.shproj", "{9669CDA3-4E28-4617-B759-9F1EFB104014}"
EndProject
Project("{FAE04EC0-301F-11D3-BF4B-00C04F79EFBC}") = "Agregator.Android", "Agregator\Agregator.Android\Agregator.Android.csproj", "{CF0C311F-5B91-46C8-9087-4CF5AF450CF3}"
EndProject
Project("{FAE04EC0-301F-11D3-BF4B-00C04F79EFBC}") = "Agregator.iOS", "Agregator\Agregator.iOS\Agregator.iOS.csproj", "{188FDC5F-E38B-4D83-AC1D-4C7468595E18}"
EndProject
Global
	GlobalSection(SharedMSBuildProjectFiles) = preSolution
		Agregator\Agregator\Agregator.projitems*{188fdc5f-e38b-4d83-ac1d-4c7468595e18}*SharedItemsImports = 4
		Agregator\Agregator\Agregator.projitems*{9669cda3-4e28-4617-b759-9f1efb104014}*SharedItemsImports = 13
		Agregator\Agregator\Agregator.projitems*{cf0c311f-5b91-46c8-9087-4cf5af450cf3}*SharedItemsImports = 4
	EndGlobalSection
	GlobalSection(SolutionConfigurationPlatforms) = preSolution
		Ad-Hoc|Any CPU = Ad-Hoc|Any CPU
		Ad-Hoc|iPhone = Ad-Hoc|iPhone
		Ad-Hoc|iPhoneSimulator = Ad-Hoc|iPhoneSimulator
		Ad-Hoc|x86 = Ad-Hoc|x86
		AppStore|Any CPU = AppStore|Any CPU
		AppStore|iPhone = AppStore|iPhone
		AppStore|iPhoneSimulator = AppStore|iPhoneSimulator
		AppStore|x86 = AppStore|x86
		Debug|Any CPU = Debug|Any CPU
		Debug|iPhone = Debug|iPhone
		Debug|iPhoneSimulator = Debug|iPhoneSimulator
		Debug|x86 = Debug|x86
		Release|Any CPU = Release|Any CPU
		Release|iPhone = Release|iPhone
		Release|iPhoneSimulator = Release|iPhoneSimulator
		Release|x86 = Release|x86
	EndGlobalSection
	GlobalSection(ProjectConfigurationPlatforms) = postSolution
		{CF0C311F-5B91-46C8-9087-4CF5AF450CF3}.Ad-Hoc|Any CPU.ActiveCfg = Release|Any CPU
		{CF0C311F-5B91-46C8-9087-4CF5AF450CF3}.Ad-Hoc|Any CPU.Build.0 = Release|Any CPU
		{CF0C311F-5B91-46C8-9087-4CF5AF450CF3}.Ad-Hoc|Any CPU.Deploy.0 = Release|Any CPU
		{CF0C311F-5B91-46C8-9087-4CF5AF450CF3}.Ad-Hoc|iPhone.ActiveCfg = Release|Any CPU
		{CF0C311F-5B91-46C8-9087-4CF5AF450CF3}.Ad-Hoc|iPhone.Build.0 = Release|Any CPU
		{CF0C311F-5B91-46C8-9087-4CF5AF450CF3}.Ad-Hoc|iPhone.Deploy.0 = Release|Any CPU
		{CF0C311F-5B91-46C8-9087-4CF5AF450CF3}.Ad-Hoc|iPhoneSimulator.ActiveCfg = Release|Any CPU
		{CF0C311F-5B91-46C8-9087-4CF5AF450CF3}.Ad-Hoc|iPhoneSimulator.Build.0 = Release|Any CPU
		{CF0C311F-5B91-46C8-9087-4CF5AF450CF3}.Ad-Hoc|iPhoneSimulator.Deploy.0 = Release|Any CPU
		{CF0C311F-5B91-46C8-9087-4CF5AF450CF3}.Ad-Hoc|x86.ActiveCfg = Release|x86
		{CF0C311F-5B91-46C8-9087-4CF5AF450CF3}.Ad-Hoc|x86.Build.0 = Release|x86
		{CF0C311F-5B91-46C8-9087-4CF5AF450CF3}.Ad-Hoc|x86.Deploy.0 = Release|x86
		{CF0C311F-5B91-46C8-9087-4CF5AF450CF3}.AppStore|Any CPU.ActiveCfg = Release|Any CPU
		{CF0C311F-5B91-46C8-9087-4CF5AF450CF3}.AppStore|Any CPU.Build.0 = Release|Any CPU
		{CF0C311F-5B91-46C8-9087-4CF5AF450CF3}.AppStore|Any CPU.Deploy.0 = Release|Any CPU
		{CF0C311F-5B91-46C8-9087-4CF5AF450CF3}.AppStore|iPhone.ActiveCfg = Release|Any CPU
		{CF0C311F-5B91-46C8-9087-4CF5AF450CF3}.AppStore|iPhone.Build.0 = Release|Any CPU
		{CF0C311F-5B91-46C8-9087-4CF5AF450CF3}.AppStore|iPhone.Deploy.0 = Release|Any CPU
		{CF0C311F-5B91-46C8-9087-4CF5AF450CF3}.AppStore|iPhoneSimulator.ActiveCfg = Release|Any CPU
		{CF0C311F-5B91-46C8-9087-4CF5AF450CF3}.AppStore|iPhoneSimulator.Build.0 = Release|Any CPU
		{CF0C311F-5B91-46C8-9087-4CF5AF450CF3}.AppStore|iPhoneSimulator.Deploy.0 = Release|Any CPU
		{CF0C311F-5B91-46C8-9087-4CF5AF450CF3}.AppStore|x86.ActiveCfg = Release|x86
		{CF0C311F-5B91-46C8-9087-4CF5AF450CF3}.AppStore|x86.Build.0 = Release|x86
		{CF0C311F-5B91-46C8-9087-4CF5AF450CF3}.AppStore|x86.Deploy.0 = Release|x86
		{CF0C311F-5B91-46C8-9087-4CF5AF450CF3}.Debug|Any CPU.ActiveCfg = Debug|Any CPU
		{CF0C311F-5B91-46C8-9087-4CF5AF450CF3}.Debug|Any CPU.Build.0 = Debug|Any CPU
		{CF0C311F-5B91-46C8-9087-4CF5AF450CF3}.Debug|Any CPU.Deploy.0 = Debug|Any CPU
		{CF0C311F-5B91-46C8-9087-4CF5AF450CF3}.Debug|iPhone.ActiveCfg = Debug|Any CPU
		{CF0C311F-5B91-46C8-9087-4CF5AF450CF3}.Debug|iPhone.Build.0 = Debug|Any CPU
		{CF0C311F-5B91-46C8-9087-4CF5AF450CF3}.Debug|iPhone.Deploy.0 = Debug|Any CPU
		{CF0C311F-5B91-46C8-9087-4CF5AF450CF3}.Debug|iPhoneSimulator.ActiveCfg = Debug|Any CPU
		{CF0C311F-5B91-46C8-9087-4CF5AF450CF3}.Debug|iPhoneSimulator.Build.0 = Debug|Any CPU
		{CF0C311F-5B91-46C8-9087-4CF5AF450CF3}.Debug|iPhoneSimulator.Deploy.0 = Debug|Any CPU
		{CF0C311F-5B91-46C8-9087-4CF5AF450CF3}.Debug|x86.ActiveCfg = Debug|x86
		{CF0C311F-5B91-46C8-9087-4CF5AF450CF3}.Debug|x86.Build.0 = Debug|x86
		{CF0C311F-5B91-46C8-9087-4CF5AF450CF3}.Debug|x86.Deploy.0 = Debug|x86
		{CF0C311F-5B91-46C8-9087-4CF5AF450CF3}.Release|Any CPU.ActiveCfg = Release|Any CPU
		{CF0C311F-5B91-46C8-9087-4CF5AF450CF3}.Release|Any CPU.Build.0 = Release|Any CPU
		{CF0C311F-5B91-46C8-9087-4CF5AF450CF3}.Release|Any CPU.Deploy.0 = Release|Any CPU
		{CF0C311F-5B91-46C8-9087-4CF5AF450CF3}.Release|iPhone.ActiveCfg = Release|Any CPU
		{CF0C311F-5B91-46C8-9087-4CF5AF450CF3}.Release|iPhone.Build.0 = Release|Any CPU
		{CF0C311F-5B91-46C8-9087-4CF5AF450CF3}.Release|iPhone.Deploy.0 = Release|Any CPU
		{CF0C311F-5B91-46C8-9087-4CF5AF450CF3}.Release|iPhoneSimulator.ActiveCfg = Release|Any CPU
		{CF0C311F-5B91-46C8-9087-4CF5AF450CF3}.Release|iPhoneSimulator.Build.0 = Release|Any CPU
		{CF0C311F-5B91-46C8-9087-4CF5AF450CF3}.Release|iPhoneSimulator.Deploy.0 = Release|Any CPU
		{CF0C311F-5B91-46C8-9087-4CF5AF450CF3}.Release|x86.ActiveCfg = Release|x86
		{CF0C311F-5B91-46C8-9087-4CF5AF450CF3}.Release|x86.Build.0 = Release|x86
		{CF0C311F-5B91-46C8-9087-4CF5AF450CF3}.Release|x86.Deploy.0 = Release|x86
		{188FDC5F-E38B-4D83-AC1D-4C7468595E18}.Ad-Hoc|Any CPU.ActiveCfg = Ad-Hoc|iPhone
		{188FDC5F-E38B-4D83-AC1D-4C7468595E18}.Ad-Hoc|iPhone.ActiveCfg = Ad-Hoc|iPhone
		{188FDC5F-E38B-4D83-AC1D-4C7468595E18}.Ad-Hoc|iPhone.Build.0 = Ad-Hoc|iPhone
		{188FDC5F-E38B-4D83-AC1D-4C7468595E18}.Ad-Hoc|iPhoneSimulator.ActiveCfg = Ad-Hoc|iPhoneSimulator
		{188FDC5F-E38B-4D83-AC1D-4C7468595E18}.Ad-Hoc|iPhoneSimulator.Build.0 = Ad-Hoc|iPhoneSimulator
		{188FDC5F-E38B-4D83-AC1D-4C7468595E18}.Ad-Hoc|x86.ActiveCfg = Ad-Hoc|iPhone
		{188FDC5F-E38B-4D83-AC1D-4C7468595E18}.AppStore|Any CPU.ActiveCfg = AppStore|iPhone
		{188FDC5F-E38B-4D83-AC1D-4C7468595E18}.AppStore|iPhone.ActiveCfg = AppStore|iPhone
		{188FDC5F-E38B-4D83-AC1D-4C7468595E18}.AppStore|iPhone.Build.0 = AppStore|iPhone
		{188FDC5F-E38B-4D83-AC1D-4C7468595E18}.AppStore|iPhoneSimulator.ActiveCfg = AppStore|iPhoneSimulator
		{188FDC5F-E38B-4D83-AC1D-4C7468595E18}.AppStore|iPhoneSimulator.Build.0 = AppStore|iPhoneSimulator
		{188FDC5F-E38B-4D83-AC1D-4C7468595E18}.AppStore|x86.ActiveCfg = AppStore|iPhone
		{188FDC5F-E38B-4D83-AC1D-4C7468595E18}.Debug|Any CPU.ActiveCfg = Debug|iPhone
		{188FDC5F-E38B-4D83-AC1D-4C7468595E18}.Debug|iPhone.ActiveCfg = Debug|iPhone
		{188FDC5F-E38B-4D83-AC1D-4C7468595E18}.Debug|iPhone.Build.0 = Debug|iPhone
		{188FDC5F-E38B-4D83-AC1D-4C7468595E18}.Debug|iPhoneSimulator.ActiveCfg = Debug|iPhoneSimulator
		{188FDC5F-E38B-4D83-AC1D-4C7468595E18}.Debug|iPhoneSimulator.Build.0 = Debug|iPhoneSimulator
		{188FDC5F-E38B-4D83-AC1D-4C7468595E18}.Debug|x86.ActiveCfg = Debug|iPhone
		{188FDC5F-E38B-4D83-AC1D-4C7468595E18}.Release|Any CPU.ActiveCfg = Release|iPhone
		{188FDC5F-E38B-4D83-AC1D-4C7468595E18}.Release|iPhone.ActiveCfg = Release|iPhone
		{188FDC5F-E38B-4D83-AC1D-4C7468595E18}.Release|iPhone.Build.0 = Release|iPhone
		{188FDC5F-E38B-4D83-AC1D-4C7468595E18}.Release|iPhoneSimulator.ActiveCfg = Release|iPhoneSimulator
		{188FDC5F-E38B-4D83-AC1D-4C7468595E18}.Release|iPhoneSimulator.Build.0 = Release|iPhoneSimulator
		{188FDC5F-E38B-4D83-AC1D-4C7468595E18}.Release|x86.ActiveCfg = Release|iPhone
	EndGlobalSection
	GlobalSection(SolutionProperties) = preSolution
		HideSolutionNode = FALSE
	EndGlobalSection
EndGlobal
